
Microsoft Visual Studio Solution File, Format Version 12.00
# Visual Studio 15
VisualStudioVersion = 15.0.26430.12
MinimumVisualStudioVersion = 10.0.40219.1
Project("{FAE04EC0-301F-11D3-BF4B-00C04F79EFBC}") = "Beatles.Caching.Caches.Redis", "Beatles.Caching.Caches.Redis\Beatles.Caching.Caches.Redis.csproj", "{E3861CF7-0FC0-4098-B6A8-C897D6051F09}"
EndProject
Project("{FAE04EC0-301F-11D3-BF4B-00C04F79EFBC}") = "Beatles.Caching.Caches.Redis.Tests", "Beatles.Caching.Caches.Redis.Tests\Beatles.Caching.Caches.Redis.Tests.csproj", "{7993F600-1306-4A08-9742-85F517669949}"
EndProject
Global
	GlobalSection(SolutionConfigurationPlatforms) = preSolution
		Debug|Any CPU = Debug|Any CPU
		Release|Any CPU = Release|Any CPU
	EndGlobalSection
	GlobalSection(ProjectConfigurationPlatforms) = postSolution
		{E3861CF7-0FC0-4098-B6A8-C897D6051F09}.Debug|Any CPU.ActiveCfg = Debug|Any CPU
		{E3861CF7-0FC0-4098-B6A8-C897D6051F09}.Debug|Any CPU.Build.0 = Debug|Any CPU
		{E3861CF7-0FC0-4098-B6A8-C897D6051F09}.Release|Any CPU.ActiveCfg = Release|Any CPU
		{E3861CF7-0FC0-4098-B6A8-C897D6051F09}.Release|Any CPU.Build.0 = Release|Any CPU
		{7993F600-1306-4A08-9742-85F517669949}.Debug|Any CPU.ActiveCfg = Debug|Any CPU
		{7993F600-1306-4A08-9742-85F517669949}.Debug|Any CPU.Build.0 = Debug|Any CPU
		{7993F600-1306-4A08-9742-85F517669949}.Release|Any CPU.ActiveCfg = Release|Any CPU
		{7993F600-1306-4A08-9742-85F517669949}.Release|Any CPU.Build.0 = Release|Any CPU
	EndGlobalSection
	GlobalSection(SolutionProperties) = preSolution
		HideSolutionNode = FALSE
	EndGlobalSection
EndGlobal
